
Microsoft Visual Studio Solution File, Format Version 12.00
# Visual Studio Version 16
VisualStudioVersion = 16.0.30114.105
MinimumVisualStudioVersion = 10.0.40219.1
Project("{FAE04EC0-301F-11D3-BF4B-00C04F79EFBC}") = "LearningSql.UI", "LearningSql.UI\LearningSql.UI.csproj", "{721E73F2-928E-48B4-92BC-D884336E67B2}"
EndProject
Project("{FAE04EC0-301F-11D3-BF4B-00C04F79EFBC}") = "LearningSql.Infra", "LearningSql.Infra\LearningSql.Infra.csproj", "{AE77EB43-EC4D-476B-ACE2-B4E383A26AF4}"
EndProject
Project("{FAE04EC0-301F-11D3-BF4B-00C04F79EFBC}") = "LearningSql.Application", "LearningSql.Application\LearningSql.Application.csproj", "{EB45849B-31C5-4142-B45A-023E225F0BAB}"
EndProject
Project("{FAE04EC0-301F-11D3-BF4B-00C04F79EFBC}") = "LearningSql.Domain", "LearningSql.Domain\LearningSql.Domain.csproj", "{C66CE9BC-EC26-4951-BD45-D4AA8880F925}"
EndProject
Global
	GlobalSection(SolutionConfigurationPlatforms) = preSolution
		Debug|Any CPU = Debug|Any CPU
		Release|Any CPU = Release|Any CPU
	EndGlobalSection
	GlobalSection(SolutionProperties) = preSolution
		HideSolutionNode = FALSE
	EndGlobalSection
	GlobalSection(ProjectConfigurationPlatforms) = postSolution
		{721E73F2-928E-48B4-92BC-D884336E67B2}.Debug|Any CPU.ActiveCfg = Debug|Any CPU
		{721E73F2-928E-48B4-92BC-D884336E67B2}.Debug|Any CPU.Build.0 = Debug|Any CPU
		{721E73F2-928E-48B4-92BC-D884336E67B2}.Release|Any CPU.ActiveCfg = Release|Any CPU
		{721E73F2-928E-48B4-92BC-D884336E67B2}.Release|Any CPU.Build.0 = Release|Any CPU
		{AE77EB43-EC4D-476B-ACE2-B4E383A26AF4}.Debug|Any CPU.ActiveCfg = Debug|Any CPU
		{AE77EB43-EC4D-476B-ACE2-B4E383A26AF4}.Debug|Any CPU.Build.0 = Debug|Any CPU
		{AE77EB43-EC4D-476B-ACE2-B4E383A26AF4}.Release|Any CPU.ActiveCfg = Release|Any CPU
		{AE77EB43-EC4D-476B-ACE2-B4E383A26AF4}.Release|Any CPU.Build.0 = Release|Any CPU
		{EB45849B-31C5-4142-B45A-023E225F0BAB}.Debug|Any CPU.ActiveCfg = Debug|Any CPU
		{EB45849B-31C5-4142-B45A-023E225F0BAB}.Debug|Any CPU.Build.0 = Debug|Any CPU
		{EB45849B-31C5-4142-B45A-023E225F0BAB}.Release|Any CPU.ActiveCfg = Release|Any CPU
		{EB45849B-31C5-4142-B45A-023E225F0BAB}.Release|Any CPU.Build.0 = Release|Any CPU
		{C66CE9BC-EC26-4951-BD45-D4AA8880F925}.Debug|Any CPU.ActiveCfg = Debug|Any CPU
		{C66CE9BC-EC26-4951-BD45-D4AA8880F925}.Debug|Any CPU.Build.0 = Debug|Any CPU
		{C66CE9BC-EC26-4951-BD45-D4AA8880F925}.Release|Any CPU.ActiveCfg = Release|Any CPU
		{C66CE9BC-EC26-4951-BD45-D4AA8880F925}.Release|Any CPU.Build.0 = Release|Any CPU
	EndGlobalSection
EndGlobal
